
Microsoft Visual Studio Solution File, Format Version 12.00
# Visual Studio Version 17
VisualStudioVersion = 17.0.31903.59
MinimumVisualStudioVersion = 10.0.40219.1
Project("{FAE04EC0-301F-11D3-BF4B-00C04F79EFBC}") = "Myproject", "Myproject\Myproject.csproj", "{5F1DFC83-EBC6-45CF-953A-5F1963FC15BB}"
EndProject
Global
	GlobalSection(SolutionConfigurationPlatforms) = preSolution
		Debug|Any CPU = Debug|Any CPU
		Release|Any CPU = Release|Any CPU
	EndGlobalSection
	GlobalSection(SolutionProperties) = preSolution
		HideSolutionNode = FALSE
	EndGlobalSection
	GlobalSection(ProjectConfigurationPlatforms) = postSolution
		{5F1DFC83-EBC6-45CF-953A-5F1963FC15BB}.Debug|Any CPU.ActiveCfg = Debug|Any CPU
		{5F1DFC83-EBC6-45CF-953A-5F1963FC15BB}.Debug|Any CPU.Build.0 = Debug|Any CPU
		{5F1DFC83-EBC6-45CF-953A-5F1963FC15BB}.Release|Any CPU.ActiveCfg = Release|Any CPU
		{5F1DFC83-EBC6-45CF-953A-5F1963FC15BB}.Release|Any CPU.Build.0 = Release|Any CPU
	EndGlobalSection
EndGlobal
